
Microsoft Visual Studio Solution File, Format Version 12.00
# Visual Studio 15
VisualStudioVersion = 15.0.28307.960
MinimumVisualStudioVersion = 10.0.40219.1
Project("{9A19103F-16F7-4668-BE54-9A1E7A4F7556}") = "Senai.Peoples.WebApi", "Senai.Peoples.WebApi\Senai.Peoples.WebApi.csproj", "{7DDFA567-DBC7-43EE-AD19-42065572EF8B}"
EndProject
Global
	GlobalSection(SolutionConfigurationPlatforms) = preSolution
		Debug|Any CPU = Debug|Any CPU
		Release|Any CPU = Release|Any CPU
	EndGlobalSection
	GlobalSection(ProjectConfigurationPlatforms) = postSolution
		{7DDFA567-DBC7-43EE-AD19-42065572EF8B}.Debug|Any CPU.ActiveCfg = Debug|Any CPU
		{7DDFA567-DBC7-43EE-AD19-42065572EF8B}.Debug|Any CPU.Build.0 = Debug|Any CPU
		{7DDFA567-DBC7-43EE-AD19-42065572EF8B}.Release|Any CPU.ActiveCfg = Release|Any CPU
		{7DDFA567-DBC7-43EE-AD19-42065572EF8B}.Release|Any CPU.Build.0 = Release|Any CPU
	EndGlobalSection
	GlobalSection(SolutionProperties) = preSolution
		HideSolutionNode = FALSE
	EndGlobalSection
	GlobalSection(ExtensibilityGlobals) = postSolution
		SolutionGuid = {D3DA1DD9-4728-4A32-BDE3-642DF4ECECD8}
	EndGlobalSection
EndGlobal
